Microsoft Visual Studio Solution File, Format Version 12.00
# Visual Studio 2012
Project("{FAE04EC0-301F-11D3-BF4B-00C04F79EFBC}") = "RPG-3D", "RPG-3D.csproj", "{DD11E6CB-7464-428E-99CE-94AE4ED9BF07}"
EndProject
Global
	GlobalSection(SolutionConfigurationPlatforms) = preSolution
	Debug|Any CPU = Debug|Any CPU
	ExportDebug|Any CPU = ExportDebug|Any CPU
	ExportRelease|Any CPU = ExportRelease|Any CPU
	EndGlobalSection
	GlobalSection(ProjectConfigurationPlatforms) = postSolution
		{DD11E6CB-7464-428E-99CE-94AE4ED9BF07}.Debug|Any CPU.ActiveCfg = Debug|Any CPU
		{DD11E6CB-7464-428E-99CE-94AE4ED9BF07}.Debug|Any CPU.Build.0 = Debug|Any CPU
		{DD11E6CB-7464-428E-99CE-94AE4ED9BF07}.ExportDebug|Any CPU.ActiveCfg = ExportDebug|Any CPU
		{DD11E6CB-7464-428E-99CE-94AE4ED9BF07}.ExportDebug|Any CPU.Build.0 = ExportDebug|Any CPU
		{DD11E6CB-7464-428E-99CE-94AE4ED9BF07}.ExportRelease|Any CPU.ActiveCfg = ExportRelease|Any CPU
		{DD11E6CB-7464-428E-99CE-94AE4ED9BF07}.ExportRelease|Any CPU.Build.0 = ExportRelease|Any CPU
	EndGlobalSection
EndGlobal
